{
  "name": "svg-pan-zoom-test",
  "version": "1.0.0",
  "lockfileVersion": 1,
  "requires": true,
  "dependencies": {
    "hammerjs": {
      "version": "2.0.8",
      "resolved": "https://registry.npmjs.org/hammerjs/-/hammerjs-2.0.8.tgz",
      "integrity": "sha1-BO93hiz/K7edMPdpIJWTAiK/YPE="
    },
    "svg-pan-zoom": {
      "version": "github:ariutta/svg-pan-zoom#632c04b408854926087266022aff7557a363e1ba",
      "from": "github:ariutta/svg-pan-zoom"
    }
  }
}
